
Microsoft Visual Studio Solution File, Format Version 12.00
# Visual Studio Version 17
VisualStudioVersion = 17.10.35027.167
MinimumVisualStudioVersion = 10.0.40219.1
Project("{FAE04EC0-301F-11D3-BF4B-00C04F79EFBC}") = "PetUITestProject", "PetUITestProject\PetUITestProject.csproj", "{DF7BC13C-2BC3-45A9-9489-1CD74425908A}"
EndProject
Global
	GlobalSection(SolutionConfigurationPlatforms) = preSolution
		Debug|Any CPU = Debug|Any CPU
		Release|Any CPU = Release|Any CPU
	EndGlobalSection
	GlobalSection(ProjectConfigurationPlatforms) = postSolution
		{DF7BC13C-2BC3-45A9-9489-1CD74425908A}.Debug|Any CPU.ActiveCfg = Debug|Any CPU
		{DF7BC13C-2BC3-45A9-9489-1CD74425908A}.Debug|Any CPU.Build.0 = Debug|Any CPU
		{DF7BC13C-2BC3-45A9-9489-1CD74425908A}.Release|Any CPU.ActiveCfg = Release|Any CPU
		{DF7BC13C-2BC3-45A9-9489-1CD74425908A}.Release|Any CPU.Build.0 = Release|Any CPU
	EndGlobalSection
	GlobalSection(SolutionProperties) = preSolution
		HideSolutionNode = FALSE
	EndGlobalSection
	GlobalSection(ExtensibilityGlobals) = postSolution
		SolutionGuid = {85E4DB34-0D98-4927-BD03-6375D34809F7}
	EndGlobalSection
EndGlobal
